{
    "hash": "dabcdceca8238718dea32fc641597e6d",
    "packages": [
        {
            "package": "symfony/console",
            "version": "v2.0.16"
        },
        {
            "package": "vize/supervisord",
            "version": "dev-master",
            "source-reference": "e4b045a8f31e7e8d639bcc7719c54eb111398143",
            "commit-date": "1343683820"
        }
    ],
    "packages-dev": null,
    "aliases": [

    ],
    "minimum-stability": "stable",
    "stability-flags": {
        "vize/supervisord": 20
    }
}
